schema = "reprobuild.solved-graph-lock.v2"

[lock]
platform = "amd64-linux"
optimal = false
inputs_digest = "fnv1a64:7732cf66d689b682"
variants = []
packages = [{ name = "capnp", version = "1.0.0", source = "capnp" }, { name = "cargo", version = "1.85.0", source = "cargo" }, { name = "codetracer_ton_recorder", version = "0.1.0", source = "codetracer_ton_recorder" }, { name = "nim", version = "2.2.0", source = "nim" }, { name = "nimble", version = "1.0.0", source = "nimble" }, { name = "openssl", version = "1.0.0", source = "openssl" }, { name = "pkg-config", version = "1.0.0", source = "pkg-config" }, { name = "rustc", version = "1.85.0", source = "rustc" }, { name = "sh", version = "1.0.0", source = "sh" }, { name = "zstd", version = "1.0.0", source = "zstd" }]
deps = [{ name = "codetracer-ton-recorder", path = ".", coord_kind = "vcs", url = "https://github.com/metacraft-labs/codetracer-ton-recorder", ref = "mcr-stege0-and-fixes", revision = "3abe8e7faaf7c3cf9035bd396c832091122bc4c0", integrity = "git-sha1:3abe8e7faaf7c3cf9035bd396c832091122bc4c0", version = "", visibility = "public", participation = "", depends = "codetracer-trace-format,codetracer-trace-format-nim,nix-blockchain-development", tags = "" }, { name = "codetracer-trace-format", path = "../codetracer-trace-format", coord_kind = "vcs", url = "https://github.com/metacraft-labs/codetracer-trace-format", ref = "agents", revision = "8fd695e0521277fe2455b7f717a9d4f631461731", integrity = "git-sha1:8fd695e0521277fe2455b7f717a9d4f631461731", version = "", visibility = "public", participation = "", depends = "", tags = "" }, { name = "codetracer-trace-format-nim", path = "../codetracer-trace-format-nim", coord_kind = "vcs", url = "https://github.com/metacraft-labs/codetracer-trace-format-nim", ref = "agents", revision = "9c4bcfff106f7c083974903ba5153be50be91a39", integrity = "git-sha1:9c4bcfff106f7c083974903ba5153be50be91a39", version = "", visibility = "public", participation = "", depends = "", tags = "" }, { name = "nix-blockchain-development", path = "../nix-blockchain-development", coord_kind = "vcs", url = "https://github.com/metacraft-labs/nix-blockchain-development", ref = "blocktracer", revision = "707e0d45c3b83a379b7b59ac9a0b78c479d77358", integrity = "git-sha1:707e0d45c3b83a379b7b59ac9a0b78c479d77358", version = "", visibility = "public", participation = "", depends = "", tags = "" }]
