schema = "reprobuild.solved-graph-lock.v2"

[lock]
platform = "amd64-linux"
optimal = false
inputs_digest = "fnv1a64:7732cf66d689b682"
variants = []
packages = [{ name = "capnp", version = "1.0.0", source = "capnp" }, { name = "cargo", version = "1.85.0", source = "cargo" }, { name = "codetracer_ton_recorder", version = "0.1.0", source = "codetracer_ton_recorder" }, { name = "nim", version = "2.2.0", source = "nim" }, { name = "nimble", version = "1.0.0", source = "nimble" }, { name = "openssl", version = "1.0.0", source = "openssl" }, { name = "pkg-config", version = "1.0.0", source = "pkg-config" }, { name = "rustc", version = "1.85.0", source = "rustc" }, { name = "sh", version = "1.0.0", source = "sh" }, { name = "zstd", version = "1.0.0", source = "zstd" }]
deps = [{ name = "codetracer-ton-recorder", path = ".", coord_kind = "vcs", url = "https://github.com/metacraft-labs/codetracer-ton-recorder", ref = "mcr-stege0-and-fixes", revision = "3abe8e7faaf7c3cf9035bd396c832091122bc4c0", integrity = "git-sha1:3abe8e7faaf7c3cf9035bd396c832091122bc4c0", version = "", visibility = "public", participation = "", depends = "", groups = "" }]
