schema = "reprobuild.solved-graph-lock.v2"

[lock]
platform = "amd64-linux"
optimal = false
inputs_digest = "fnv1a64:a632eda065c0ebef"
variants = []
packages = [{ name = "basename", version = "1.0.0", source = "basename", selection = "selected" }, { name = "capnp", version = "1.0.0", source = "capnp", selection = "selected" }, { name = "cargo", version = "1.85.0", source = "cargo", selection = "selected" }, { name = "chmod", version = "1.0.0", source = "chmod", selection = "selected" }, { name = "codetracer_ton_recorder", version = "0.1.0", source = "codetracer_ton_recorder", selection = "selected" }, { name = "cp", version = "1.0.0", source = "cp", selection = "selected" }, { name = "dirname", version = "1.0.0", source = "dirname", selection = "selected" }, { name = "find", version = "1.0.0", source = "find", selection = "selected" }, { name = "gcc", version = "1.0.0", source = "gcc", selection = "selected" }, { name = "grep", version = "1.0.0", source = "grep", selection = "selected" }, { name = "head", version = "1.0.0", source = "head", selection = "selected" }, { name = "mkdir", version = "1.0.0", source = "mkdir", selection = "selected" }, { name = "mktemp", version = "1.0.0", source = "mktemp", selection = "selected" }, { name = "mv", version = "1.0.0", source = "mv", selection = "selected" }, { name = "nim", version = "2.2.0", source = "nim", selection = "selected" }, { name = "nimble", version = "1.0.0", source = "nimble", selection = "selected" }, { name = "od", version = "1.0.0", source = "od", selection = "selected" }, { name = "openssl", version = "1.0.0", source = "openssl", selection = "selected" }, { name = "patchelf", version = "1.0.0", source = "patchelf", selection = "selected" }, { name = "pkg-config", version = "1.0.0", source = "pkg-config", selection = "selected" }, { name = "readelf", version = "1.0.0", source = "readelf", selection = "selected" }, { name = "readlink", version = "1.0.0", source = "readlink", selection = "selected" }, { name = "rm", version = "1.0.0", source = "rm", selection = "selected" }, { name = "rustc", version = "1.85.0", source = "rustc", selection = "selected" }, { name = "sed", version = "1.0.0", source = "sed", selection = "selected" }, { name = "sh", version = "1.0.0", source = "sh", selection = "selected" }, { name = "sort", version = "1.0.0", source = "sort", selection = "selected" }, { name = "touch", version = "1.0.0", source = "touch", selection = "selected" }, { name = "tr", version = "1.0.0", source = "tr", selection = "selected" }, { name = "wc", version = "1.0.0", source = "wc", selection = "selected" }, { name = "zstd", version = "1.0.0", source = "zstd", selection = "selected" }]
deps = [{ name = "codetracer", path = "../codetracer", coord_kind = "vcs", url = "https://github.com/metacraft-labs/codetracer", ref = "agents", revision = "5ef15351ec4e992229b5cb6280c34b05fa9bf25f", integrity = "git-sha1:5ef15351ec4e992229b5cb6280c34b05fa9bf25f", version = "", visibility = "public", participation = "", depends = "", tags = "" }, { name = "codetracer-beam-recorder", path = "../codetracer-beam-recorder", coord_kind = "vcs", url = "https://github.com/metacraft-labs/codetracer-beam-recorder", ref = "agents", revision = "404e9e43c93294e7f264af059da23e17c0f6e98b", integrity = "git-sha1:404e9e43c93294e7f264af059da23e17c0f6e98b", version = "", visibility = "public", participation = "", depends = "", tags = "" }, { name = "codetracer-js-recorder", path = "../codetracer-js-recorder", coord_kind = "vcs", url = "https://github.com/metacraft-labs/codetracer-js-recorder", ref = "agents", revision = "17ff607ad6bb38ff2db796cefe900bd54ba1e726", integrity = "git-sha1:17ff607ad6bb38ff2db796cefe900bd54ba1e726", version = "", visibility = "public", participation = "", depends = "", tags = "" }, { name = "codetracer-launcher", path = "../codetracer-launcher", coord_kind = "vcs", url = "https://github.com/metacraft-labs/codetracer-launcher", ref = "agents", revision = "9efd35257d84113e35bbddbff9ed555da29aef3c", integrity = "git-sha1:9efd35257d84113e35bbddbff9ed555da29aef3c", version = "", visibility = "public", participation = "", depends = "", tags = "" }, { name = "codetracer-native-backend", path = "../codetracer-native-backend", coord_kind = "vcs", url = "https://github.com/metacraft-labs/codetracer-native-backend", ref = "agents", revision = "2340d09c99040a48664ebe510adba813a6e2ae45", integrity = "git-sha1:2340d09c99040a48664ebe510adba813a6e2ae45", version = "", visibility = "public", participation = "", depends = "", tags = "" }, { name = "codetracer-native-recorder", path = "../codetracer-native-recorder", coord_kind = "vcs", url = "https://github.com/metacraft-labs/codetracer-native-recorder", ref = "agents", revision = "a983f98f4bf9c16ea51ec56983736f17018144f7", integrity = "git-sha1:a983f98f4bf9c16ea51ec56983736f17018144f7", version = "", visibility = "public", participation = "", depends = "", tags = "" }, { name = "codetracer-python-recorder", path = "../codetracer-python-recorder", coord_kind = "vcs", url = "https://github.com/metacraft-labs/codetracer-python-recorder", ref = "agents", revision = "c4c2cbb85f0a2f64762cb1269ddcac5d5d258c07", integrity = "git-sha1:c4c2cbb85f0a2f64762cb1269ddcac5d5d258c07", version = "", visibility = "public", participation = "", depends = "", tags = "" }, { name = "codetracer-ruby-recorder", path = "../codetracer-ruby-recorder", coord_kind = "vcs", url = "https://github.com/metacraft-labs/codetracer-ruby-recorder", ref = "agents", revision = "b798c43bdee5ee1fb1030ba8d1fc6cb436ba1c2f", integrity = "git-sha1:b798c43bdee5ee1fb1030ba8d1fc6cb436ba1c2f", version = "", visibility = "public", participation = "", depends = "", tags = "" }, { name = "codetracer-test-mirror", path = "../codetracer-test-mirror", coord_kind = "vcs", url = "https://github.com/metacraft-labs/codetracer-test-mirror", ref = "agents", revision = "2bf9a6fcb8b0f34d321a692b44fdb851e3c5d3e7", integrity = "git-sha1:2bf9a6fcb8b0f34d321a692b44fdb851e3c5d3e7", version = "", visibility = "public", participation = "", depends = "", tags = "" }, { name = "codetracer-ton-recorder", path = ".", coord_kind = "vcs", url = "https://github.com/metacraft-labs/codetracer-ton-recorder", ref = "agents", revision = "1583ad04aa5f707ec65e12d767b3dfc8e22c9ca6", integrity = "git-sha1:1583ad04aa5f707ec65e12d767b3dfc8e22c9ca6", version = "", visibility = "public", participation = "", depends = "codetracer,codetracer-beam-recorder,codetracer-js-recorder,codetracer-launcher,codetracer-native-backend,codetracer-native-recorder,codetracer-python-recorder,codetracer-ruby-recorder,codetracer-test-mirror,codetracer-trace-format,codetracer-trace-format-nim,codetracer-visual-replay,codetracer-vscode-extension,nix-blockchain-development", tags = "" }, { name = "codetracer-trace-format", path = "../codetracer-trace-format", coord_kind = "vcs", url = "https://github.com/metacraft-labs/codetracer-trace-format", ref = "agents", revision = "3fada0b03c3d1a0cbc7c35f278aa639028d702c5", integrity = "git-sha1:3fada0b03c3d1a0cbc7c35f278aa639028d702c5", version = "", visibility = "public", participation = "", depends = "", tags = "" }, { name = "codetracer-trace-format-nim", path = "../codetracer-trace-format-nim", coord_kind = "vcs", url = "https://github.com/metacraft-labs/codetracer-trace-format-nim", ref = "agents", revision = "051efd22b00ec3b88676fb07755a65c5a4ca8fde", integrity = "git-sha1:051efd22b00ec3b88676fb07755a65c5a4ca8fde", version = "", visibility = "public", participation = "", depends = "", tags = "" }, { name = "codetracer-visual-replay", path = "../codetracer-visual-replay", coord_kind = "vcs", url = "https://github.com/metacraft-labs/codetracer-visual-replay", ref = "agents", revision = "96053fa0d726e306cd0af8727dcdeaa060ccd328", integrity = "git-sha1:96053fa0d726e306cd0af8727dcdeaa060ccd328", version = "", visibility = "public", participation = "", depends = "", tags = "" }, { name = "codetracer-vscode-extension", path = "../codetracer-vscode-extension", coord_kind = "vcs", url = "https://github.com/metacraft-labs/codetracer-vscode-extension", ref = "agents", revision = "74acd8da810740b8184afea74592c58fc2ad9754", integrity = "git-sha1:74acd8da810740b8184afea74592c58fc2ad9754", version = "", visibility = "public", participation = "", depends = "", tags = "" }, { name = "nix-blockchain-development", path = "../nix-blockchain-development", coord_kind = "vcs", url = "https://github.com/metacraft-labs/nix-blockchain-development", ref = "agents", revision = "b3fcb2ec8b1b7681168a861490b3ed1edf0aba24", integrity = "git-sha1:b3fcb2ec8b1b7681168a861490b3ed1edf0aba24", version = "", visibility = "public", participation = "", depends = "", tags = "" }]
